
Microsoft Visual Studio Solution File, Format Version 12.00
# Visual Studio Version 17
VisualStudioVersion = 17.9.34723.18
MinimumVisualStudioVersion = 10.0.40219.1
Project("{FAE04EC0-301F-11D3-BF4B-00C04F79EFBC}") = "BoathouseDotNet", "BoathouseDotNet.csproj", "{98E69667-4747-4493-955B-763315CE354F}"
EndProject
Global
	GlobalSection(SolutionConfigurationPlatforms) = preSolution
		Debug|Any CPU = Debug|Any CPU
		Release|Any CPU = Release|Any CPU
	EndGlobalSection
	GlobalSection(ProjectConfigurationPlatforms) = postSolution
		{98E69667-4747-4493-955B-763315CE354F}.Debug|Any CPU.ActiveCfg = Debug|Any CPU
		{98E69667-4747-4493-955B-763315CE354F}.Debug|Any CPU.Build.0 = Debug|Any CPU
		{98E69667-4747-4493-955B-763315CE354F}.Release|Any CPU.ActiveCfg = Release|Any CPU
		{98E69667-4747-4493-955B-763315CE354F}.Release|Any CPU.Build.0 = Release|Any CPU
	EndGlobalSection
	GlobalSection(SolutionProperties) = preSolution
		HideSolutionNode = FALSE
	EndGlobalSection
	GlobalSection(ExtensibilityGlobals) = postSolution
		SolutionGuid = {8C38A7D7-12CB-4951-B52A-AC007D8104F8}
	EndGlobalSection
EndGlobal
